
Microsoft Visual Studio Solution File, Format Version 12.00
# Visual Studio 14
VisualStudioVersion = 14.0.25420.1
MinimumVisualStudioVersion = 10.0.40219.1
Project("{FAE04EC0-301F-11D3-BF4B-00C04F79EFBC}") = "MazeBot", "MazeBot\MazeBot.csproj", "{99BBC26C-574E-404A-B455-02C267B9B5BD}"
EndProject
Project("{FAE04EC0-301F-11D3-BF4B-00C04F79EFBC}") = "MazeBotTests", "MazeBotTests\MazeBotTests.csproj", "{4CBA403F-BE05-4848-876D-7345CDB1EE91}"
EndProject
Global
	GlobalSection(SolutionConfigurationPlatforms) = preSolution
		Debug|Any CPU = Debug|Any CPU
		Release|Any CPU = Release|Any CPU
	EndGlobalSection
	GlobalSection(ProjectConfigurationPlatforms) = postSolution
		{99BBC26C-574E-404A-B455-02C267B9B5BD}.Debug|Any CPU.ActiveCfg = Debug|Any CPU
		{99BBC26C-574E-404A-B455-02C267B9B5BD}.Debug|Any CPU.Build.0 = Debug|Any CPU
		{99BBC26C-574E-404A-B455-02C267B9B5BD}.Release|Any CPU.ActiveCfg = Release|Any CPU
		{99BBC26C-574E-404A-B455-02C267B9B5BD}.Release|Any CPU.Build.0 = Release|Any CPU
		{4CBA403F-BE05-4848-876D-7345CDB1EE91}.Debug|Any CPU.ActiveCfg = Debug|Any CPU
		{4CBA403F-BE05-4848-876D-7345CDB1EE91}.Debug|Any CPU.Build.0 = Debug|Any CPU
		{4CBA403F-BE05-4848-876D-7345CDB1EE91}.Release|Any CPU.ActiveCfg = Release|Any CPU
		{4CBA403F-BE05-4848-876D-7345CDB1EE91}.Release|Any CPU.Build.0 = Release|Any CPU
	EndGlobalSection
	GlobalSection(SolutionProperties) = preSolution
		HideSolutionNode = FALSE
	EndGlobalSection
EndGlobal
